
Microsoft Visual Studio Solution File, Format Version 12.00
# Visual Studio Version 16
VisualStudioVersion = 25.0.1705.4
MinimumVisualStudioVersion = 10.0.40219.1
Project("{FAE04EC0-301F-11D3-BF4B-00C04F79EFBC}") = "ToDoListAspNet", "ToDoListAspNet\ToDoListAspNet.csproj", "{2FEB6FC2-A5AC-4C98-831A-3A6647261E17}"
EndProject
Project("{FAE04EC0-301F-11D3-BF4B-00C04F79EFBC}") = "ToDoListAspNetLibrary", "ToDoListAspNetLibrary\ToDoListAspNetLibrary.csproj", "{995865A0-86C3-465D-AB5B-9E66D6EFB4E1}"
EndProject
Project("{FAE04EC0-301F-11D3-BF4B-00C04F79EFBC}") = "ToDoListAspNet.Tests", "ToDoListAspNet.Tests\ToDoListAspNet.Tests.csproj", "{54D2BCEC-E4EB-4480-8D6D-7034EEE0BAD0}"
EndProject
Global
	GlobalSection(SolutionConfigurationPlatforms) = preSolution
		Debug|Any CPU = Debug|Any CPU
		Release|Any CPU = Release|Any CPU
	EndGlobalSection
	GlobalSection(ProjectConfigurationPlatforms) = postSolution
		{2FEB6FC2-A5AC-4C98-831A-3A6647261E17}.Debug|Any CPU.ActiveCfg = Debug|Any CPU
		{2FEB6FC2-A5AC-4C98-831A-3A6647261E17}.Debug|Any CPU.Build.0 = Debug|Any CPU
		{2FEB6FC2-A5AC-4C98-831A-3A6647261E17}.Release|Any CPU.ActiveCfg = Release|Any CPU
		{2FEB6FC2-A5AC-4C98-831A-3A6647261E17}.Release|Any CPU.Build.0 = Release|Any CPU
		{995865A0-86C3-465D-AB5B-9E66D6EFB4E1}.Debug|Any CPU.ActiveCfg = Debug|Any CPU
		{995865A0-86C3-465D-AB5B-9E66D6EFB4E1}.Debug|Any CPU.Build.0 = Debug|Any CPU
		{995865A0-86C3-465D-AB5B-9E66D6EFB4E1}.Release|Any CPU.ActiveCfg = Release|Any CPU
		{995865A0-86C3-465D-AB5B-9E66D6EFB4E1}.Release|Any CPU.Build.0 = Release|Any CPU
		{54D2BCEC-E4EB-4480-8D6D-7034EEE0BAD0}.Debug|Any CPU.ActiveCfg = Debug|Any CPU
		{54D2BCEC-E4EB-4480-8D6D-7034EEE0BAD0}.Debug|Any CPU.Build.0 = Debug|Any CPU
		{54D2BCEC-E4EB-4480-8D6D-7034EEE0BAD0}.Release|Any CPU.ActiveCfg = Release|Any CPU
		{54D2BCEC-E4EB-4480-8D6D-7034EEE0BAD0}.Release|Any CPU.Build.0 = Release|Any CPU
	EndGlobalSection
	GlobalSection(SolutionProperties) = preSolution
		HideSolutionNode = FALSE
	EndGlobalSection
	GlobalSection(ExtensibilityGlobals) = postSolution
		SolutionGuid = {70451A99-FAB4-455D-9EA8-0F67D3D14B22}
	EndGlobalSection
EndGlobal
